<?xml version="1.0" encoding="utf-8"?>
<Project ToolsVersion="4.0" xmlns="http://schemas.microsoft.com/developer/msbuild/2003">
  <ItemGroup>
    <Filter Include="Source Files">
      <UniqueIdentifier>{4FC737F1-C7A5-4376-A066-2A32D752A2FF}</UniqueIdentifier>
      <Extensions>cpp;c;cc;cxx;c++;cppm;ixx;def;odl;idl;hpj;bat;asm;asmx</Extensions>
    </Filter>
    <Filter Include="Header Files">
      <UniqueIdentifier>{93995380-89BD-4b04-88EB-625FBE52EBFB}</UniqueIdentifier>
      <Extensions>h;hh;hpp;hxx;h++;hm;inl;inc;ipp;xsd</Extensions>
    </Filter>
    <Filter Include="Resource Files">
      <UniqueIdentifier>{67DA6AB6-F800-4c08-8B7A-83BB121AAD01}</UniqueIdentifier>
      <Extensions>rc;ico;cur;bmp;dlg;rc2;rct;bin;rgs;gif;jpg;jpeg;jpe;resx;tiff;tif;png;wav;mfcribbon-ms</Extensions>
    </Filter>
  </ItemGroup>
  <ItemGroup>
    <ClCompile Include="main.cpp">
      <Filter>Source Files</Filter>
    </ClCompile>
    <ClCompile Include="init\Window.cpp">
      <Filter>Source Files</Filter>
    </ClCompile>
    <ClCompile Include="Application.cpp">
      <Filter>Source Files</Filter>
    </ClCompile>
    <ClCompile Include="init\VulkanInstance.cpp">
      <Filter>Source Files</Filter>
    </ClCompile>
    <ClCompile Include="utils\VkExtensionUtils.cpp">
      <Filter>Source Files</Filter>
    </ClCompile>
    <ClCompile Include="const\Data.cpp">
      <Filter>Source Files</Filter>
    </ClCompile>
    <ClCompile Include="init\VulkanDevice.cpp">
      <Filter>Source Files</Filter>
    </ClCompile>
    <ClCompile Include="render\Renderer.cpp">
      <Filter>Source Files</Filter>
    </ClCompile>
    <ClCompile Include="init\ApplicationContext.cpp">
      <Filter>Source Files</Filter>
    </ClCompile>
    <ClCompile Include="render\VulkanSwapChainManager.cpp">
      <Filter>Source Files</Filter>
    </ClCompile>
    <ClCompile Include="render\VulkanRenderPassManager.cpp">
      <Filter>Source Files</Filter>
    </ClCompile>
    <ClCompile Include="utils\VkResourceUtils.cpp">
      <Filter>Source Files</Filter>
    </ClCompile>
    <ClCompile Include="utils\VkFormatUtils.cpp">
      <Filter>Source Files</Filter>
    </ClCompile>
    <ClCompile Include="render\VulkanCommandManager.cpp">
      <Filter>Source Files</Filter>
    </ClCompile>
    <ClCompile Include="source\IVulkanResourceManager.cpp">
      <Filter>Source Files</Filter>
    </ClCompile>
    <ClCompile Include="source\TextureResource.cpp">
      <Filter>Source Files</Filter>
    </ClCompile>
    <ClCompile Include="source\DepthResource.cpp">
      <Filter>Source Files</Filter>
    </ClCompile>
    <ClCompile Include="source\UBOResource.cpp">
      <Filter>Source Files</Filter>
    </ClCompile>
    <ClCompile Include="source\ColorResource.cpp">
      <Filter>Source Files</Filter>
    </ClCompile>
    <ClCompile Include="source\VertexResource.cpp">
      <Filter>Source Files</Filter>
    </ClCompile>
    <ClCompile Include="source\IndexResource.cpp">
      <Filter>Source Files</Filter>
    </ClCompile>
    <ClCompile Include="source\FrameBufferSource.cpp">
      <Filter>Source Files</Filter>
    </ClCompile>
    <ClCompile Include="source\DescriptorSource.cpp">
      <Filter>Source Files</Filter>
    </ClCompile>
    <ClCompile Include="source\GraphicsPipelineSource.cpp">
      <Filter>Source Files</Filter>
    </ClCompile>
    <ClCompile Include="utils\FileUtils.cpp">
      <Filter>Source Files</Filter>
    </ClCompile>
    <ClCompile Include="const\LoadModels.cpp">
      <Filter>Source Files</Filter>
    </ClCompile>
    <ClCompile Include="render\VulkanSyncObjectsManager.cpp">
      <Filter>Source Files</Filter>
    </ClCompile>
  </ItemGroup>
  <ItemGroup>
    <ClInclude Include="const.h">
      <Filter>Header Files</Filter>
    </ClInclude>
    <ClInclude Include="init\Window.h">
      <Filter>Header Files</Filter>
    </ClInclude>
    <ClInclude Include="Application.h">
      <Filter>Header Files</Filter>
    </ClInclude>
    <ClInclude Include="init\VulkanInstance.h">
      <Filter>Header Files</Filter>
    </ClInclude>
    <ClInclude Include="utils\VkExtensionUtils.h">
      <Filter>Header Files</Filter>
    </ClInclude>
    <ClInclude Include="const\Data.h">
      <Filter>Header Files</Filter>
    </ClInclude>
    <ClInclude Include="init\VulkanDevice.h">
      <Filter>Header Files</Filter>
    </ClInclude>
    <ClInclude Include="render\Renderer.h">
      <Filter>Header Files</Filter>
    </ClInclude>
    <ClInclude Include="init\ApplicationContext.h">
      <Filter>Header Files</Filter>
    </ClInclude>
    <ClInclude Include="render\VulkanSwapChainManager.h">
      <Filter>Header Files</Filter>
    </ClInclude>
    <ClInclude Include="render\VulkanRenderPassManager.h">
      <Filter>Header Files</Filter>
    </ClInclude>
    <ClInclude Include="utils\VkResourceUtils.h">
      <Filter>Header Files</Filter>
    </ClInclude>
    <ClInclude Include="utils\VkFormatUtils.h">
      <Filter>Header Files</Filter>
    </ClInclude>
    <ClInclude Include="render\VulkanCommandManager.h">
      <Filter>Header Files</Filter>
    </ClInclude>
    <ClInclude Include="source\IVulkanResourceManager.h">
      <Filter>Header Files</Filter>
    </ClInclude>
    <ClInclude Include="source\TextureResource.h">
      <Filter>Header Files</Filter>
    </ClInclude>
    <ClInclude Include="source\DepthResource.h">
      <Filter>Header Files</Filter>
    </ClInclude>
    <ClInclude Include="source\UBOResource.h">
      <Filter>Header Files</Filter>
    </ClInclude>
    <ClInclude Include="source\ColorResource.h">
      <Filter>Header Files</Filter>
    </ClInclude>
    <ClInclude Include="source\VertexResource.h">
      <Filter>Header Files</Filter>
    </ClInclude>
    <ClInclude Include="source\IndexResource.h">
      <Filter>Header Files</Filter>
    </ClInclude>
    <ClInclude Include="source\FrameBufferSource.h">
      <Filter>Header Files</Filter>
    </ClInclude>
    <ClInclude Include="source\DescriptorSource.h">
      <Filter>Header Files</Filter>
    </ClInclude>
    <ClInclude Include="source\GraphicsPipelineSource.h">
      <Filter>Header Files</Filter>
    </ClInclude>
    <ClInclude Include="utils\FileUtils.h">
      <Filter>Header Files</Filter>
    </ClInclude>
    <ClInclude Include="const\LoadModels.h">
      <Filter>Header Files</Filter>
    </ClInclude>
    <ClInclude Include="render\VulkanSyncObjectsManager.h">
      <Filter>Header Files</Filter>
    </ClInclude>
    <ClInclude Include="source\AllSource.h">
      <Filter>Header Files</Filter>
    </ClInclude>
    <ClInclude Include="init\AllHeads.h">
      <Filter>Header Files</Filter>
    </ClInclude>
  </ItemGroup>
</Project>